// !$*UTF8*$!
{
	archiveVersion = 1;
	classes = {
	};
	objectVersion = 50;
	objects = {

/* Begin PBXBuildFile section */
		D26350902574334600B3F9D0 /* ritual WatchKit App.app in Embed Watch Content */ = {isa = PBXBuildFile; fileRef = D263508F2574334600B3F9D0 /* ritual WatchKit App.app */; settings = {ATTRIBUTES = (RemoveHeadersOnCopy, ); }; };
		D26350952574334700B3F9D0 /* Assets.xcassets in Resources */ = {isa = PBXBuildFile; fileRef = D26350942574334700B3F9D0 /* Assets.xcassets */; };
		D263509C2574334700B3F9D0 /* ritual WatchKit Extension.appex in Embed App Extensions */ = {isa = PBXBuildFile; fileRef = D263509B2574334700B3F9D0 /* ritual WatchKit Extension.appex */; settings = {ATTRIBUTES = (RemoveHeadersOnCopy, ); }; };
		D26350A12574334700B3F9D0 /* ritualApp.swift in Sources */ = {isa = PBXBuildFile; fileRef = D26350A02574334700B3F9D0 /* ritualApp.swift */; };
		D26350A52574334700B3F9D0 /* NotificationController.swift in Sources */ = {isa = PBXBuildFile; fileRef = D26350A42574334700B3F9D0 /* NotificationController.swift */; };
		D26350A72574334700B3F9D0 /* NotificationView.swift in Sources */ = {isa = PBXBuildFile; fileRef = D26350A62574334700B3F9D0 /* NotificationView.swift */; };
		D26350A92574334700B3F9D0 /* ComplicationController.swift in Sources */ = {isa = PBXBuildFile; fileRef = D26350A82574334700B3F9D0 /* ComplicationController.swift */; };
		D26350AB2574334800B3F9D0 /* Assets.xcassets in Resources */ = {isa = PBXBuildFile; fileRef = D26350AA2574334800B3F9D0 /* Assets.xcassets */; };
		D26350AE2574334800B3F9D0 /* Preview Assets.xcassets in Resources */ = {isa = PBXBuildFile; fileRef = D26350AD2574334800B3F9D0 /* Preview Assets.xcassets */; };
		D26350CB257433A500B3F9D0 /* MainView.swift in Sources */ = {isa = PBXBuildFile; fileRef = D277FB782572C1DD00CE3F41 /* MainView.swift */; };
		D26350D6257433B800B3F9D0 /* QuestionsData.swift in Sources */ = {isa = PBXBuildFile; fileRef = D27EB90E2572CF51004C9C85 /* QuestionsData.swift */; };
		D26350DC257433BB00B3F9D0 /* ColorPalatte.swift in Sources */ = {isa = PBXBuildFile; fileRef = D27EB91A25740606004C9C85 /* ColorPalatte.swift */; };
		D277FB682572C17A00CE3F41 /* ritualApp.swift in Sources */ = {isa = PBXBuildFile; fileRef = D277FB552572C17900CE3F41 /* ritualApp.swift */; };
		D277FB692572C17A00CE3F41 /* ritualApp.swift in Sources */ = {isa = PBXBuildFile; fileRef = D277FB552572C17900CE3F41 /* ritualApp.swift */; };
		D277FB6C2572C17A00CE3F41 /* Assets.xcassets in Resources */ = {isa = PBXBuildFile; fileRef = D277FB572572C17A00CE3F41 /* Assets.xcassets */; };
		D277FB6D2572C17A00CE3F41 /* Assets.xcassets in Resources */ = {isa = PBXBuildFile; fileRef = D277FB572572C17A00CE3F41 /* Assets.xcassets */; };
		D277FB792572C1DD00CE3F41 /* MainView.swift in Sources */ = {isa = PBXBuildFile; fileRef = D277FB782572C1DD00CE3F41 /* MainView.swift */; };
		D277FB7A2572C1DD00CE3F41 /* MainView.swift in Sources */ = {isa = PBXBuildFile; fileRef = D277FB782572C1DD00CE3F41 /* MainView.swift */; };
		D27EB90F2572CF51004C9C85 /* QuestionsData.swift in Sources */ = {isa = PBXBuildFile; fileRef = D27EB90E2572CF51004C9C85 /* QuestionsData.swift */; };
		D27EB9102572CF51004C9C85 /* QuestionsData.swift in Sources */ = {isa = PBXBuildFile; fileRef = D27EB90E2572CF51004C9C85 /* QuestionsData.swift */; };
		D27EB91B25740606004C9C85 /* ColorPalatte.swift in Sources */ = {isa = PBXBuildFile; fileRef = D27EB91A25740606004C9C85 /* ColorPalatte.swift */; };
		D27EB91C25740606004C9C85 /* ColorPalatte.swift in Sources */ = {isa = PBXBuildFile; fileRef = D27EB91A25740606004C9C85 /* ColorPalatte.swift */; };
		D29B402625814F2D0055B1D9 /* WidgetKit.framework in Frameworks */ = {isa = PBXBuildFile; fileRef = D29B402525814F2D0055B1D9 /* WidgetKit.framework */; };
		D29B402825814F2D0055B1D9 /* SwiftUI.framework in Frameworks */ = {isa = PBXBuildFile; fileRef = D29B402725814F2D0055B1D9 /* SwiftUI.framework */; };
		D29B402D25814F2E0055B1D9 /* Assets.xcassets in Resources */ = {isa = PBXBuildFile; fileRef = D29B402C25814F2E0055B1D9 /* Assets.xcassets */; };
		D29B403125814F2E0055B1D9 /* ritual Widget Extension.appex in Embed App Extensions */ = {isa = PBXBuildFile; fileRef = D29B402325814F2D0055B1D9 /* ritual Widget Extension.appex */; settings = {ATTRIBUTES = (RemoveHeadersOnCopy, ); }; };
		D29B404425814F480055B1D9 /* ritual_Widget_Extension.swift in Sources */ = {isa = PBXBuildFile; fileRef = D29B403C25814F390055B1D9 /* ritual_Widget_Extension.swift */; };
		D29B4064258150F70055B1D9 /* QuestionCard.swift in Sources */ = {isa = PBXBuildFile; fileRef = D29B4063258150F70055B1D9 /* QuestionCard.swift */; };
		D29B4065258150F70055B1D9 /* QuestionCard.swift in Sources */ = {isa = PBXBuildFile; fileRef = D29B4063258150F70055B1D9 /* QuestionCard.swift */; };
		D29B4066258150F70055B1D9 /* QuestionCard.swift in Sources */ = {isa = PBXBuildFile; fileRef = D29B4063258150F70055B1D9 /* QuestionCard.swift */; };
		D29B406D258154B50055B1D9 /* QuestionsData.swift in Sources */ = {isa = PBXBuildFile; fileRef = D27EB90E2572CF51004C9C85 /* QuestionsData.swift */; };
		D29B4074258154BC0055B1D9 /* ColorPalatte.swift in Sources */ = {isa = PBXBuildFile; fileRef = D27EB91A25740606004C9C85 /* ColorPalatte.swift */; };
		D2A73F7325814A8400923F48 /* AboutView.swift in Sources */ = {isa = PBXBuildFile; fileRef = D2A73F7225814A8400923F48 /* AboutView.swift */; };
		D2A73F7425814A8400923F48 /* AboutView.swift in Sources */ = {isa = PBXBuildFile; fileRef = D2A73F7225814A8400923F48 /* AboutView.swift */; };
		D2A73F7525814A8400923F48 /* AboutView.swift in Sources */ = {isa = PBXBuildFile; fileRef = D2A73F7225814A8400923F48 /* AboutView.swift */; };
/* End PBXBuildFile section */

/* Begin PBXContainerItemProxy section */
		D26350912574334600B3F9D0 /* PBXContainerItemProxy */ = {
			isa = PBXContainerItemProxy;
			containerPortal = D277FB502572C17900CE3F41 /* Project object */;
			proxyType = 1;
			remoteGlobalIDString = D263508E2574334600B3F9D0;
			remoteInfo = "ritual WatchKit App";
		};
		D263509D2574334700B3F9D0 /* PBXContainerItemProxy */ = {
			isa = PBXContainerItemProxy;
			containerPortal = D277FB502572C17900CE3F41 /* Project object */;
			proxyType = 1;
			remoteGlobalIDString = D263509A2574334700B3F9D0;
			remoteInfo = "ritual WatchKit Extension";
		};
		D29B402F25814F2E0055B1D9 /* PBXContainerItemProxy */ = {
			isa = PBXContainerItemProxy;
			containerPortal = D277FB502572C17900CE3F41 /* Project object */;
			proxyType = 1;
			remoteGlobalIDString = D29B402225814F2D0055B1D9;
			remoteInfo = "ritual Widget ExtensionExtension";
		};
/* End PBXContainerItemProxy section */

/* Begin PBXCopyFilesBuildPhase section */
		D26350B32574334800B3F9D0 /* Embed Watch Content */ = {
			isa = PBXCopyFilesBuildPhase;
			buildActionMask = 2147483647;
			dstPath = "$(CONTENTS_FOLDER_PATH)/Watch";
			dstSubfolderSpec = 16;
			files = (
				D26350902574334600B3F9D0 /* ritual WatchKit App.app in Embed Watch Content */,
			);
			name = "Embed Watch Content";
			runOnlyForDeploymentPostprocessing = 0;
		};
		D26350B62574334800B3F9D0 /* Embed App Extensions */ = {
			isa = PBXCopyFilesBuildPhase;
			buildActionMask = 2147483647;
			dstPath = "";
			dstSubfolderSpec = 13;
			files = (
				D263509C2574334700B3F9D0 /* ritual WatchKit Extension.appex in Embed App Extensions */,
			);
			name = "Embed App Extensions";
			runOnlyForDeploymentPostprocessing = 0;
		};
		D29B403225814F2E0055B1D9 /* Embed App Extensions */ = {
			isa = PBXCopyFilesBuildPhase;
			buildActionMask = 2147483647;
			dstPath = "";
			dstSubfolderSpec = 13;
			files = (
				D29B403125814F2E0055B1D9 /* ritual Widget Extension.appex in Embed App Extensions */,
			);
			name = "Embed App Extensions";
			runOnlyForDeploymentPostprocessing = 0;
		};
/* End PBXCopyFilesBuildPhase section */

/* Begin PBXFileReference section */
		D263508C2574334600B3F9D0 /* ritual.app */ = {isa = PBXFileReference; explicitFileType = wrapper.application; includeInIndex = 0; path = ritual.app; sourceTree = BUILT_PRODUCTS_DIR; };
		D263508F2574334600B3F9D0 /* ritual WatchKit App.app */ = {isa = PBXFileReference; explicitFileType = wrapper.application; includeInIndex = 0; path = "ritual WatchKit App.app"; sourceTree = BUILT_PRODUCTS_DIR; };
		D26350942574334700B3F9D0 /* Assets.xcassets */ = {isa = PBXFileReference; lastKnownFileType = folder.assetcatalog; path = Assets.xcassets; sourceTree = "<group>"; };
		D26350962574334700B3F9D0 /* Info.plist */ = {isa = PBXFileReference; lastKnownFileType = text.plist.xml; path = Info.plist; sourceTree = "<group>"; };
		D263509B2574334700B3F9D0 /* ritual WatchKit Extension.appex */ = {isa = PBXFileReference; explicitFileType = "wrapper.app-extension"; includeInIndex = 0; path = "ritual WatchKit Extension.appex"; sourceTree = BUILT_PRODUCTS_DIR; };
		D26350A02574334700B3F9D0 /* ritualApp.swift */ = {isa = PBXFileReference; lastKnownFileType = sourcecode.swift; path = ritualApp.swift; sourceTree = "<group>"; };
		D26350A42574334700B3F9D0 /* NotificationController.swift */ = {isa = PBXFileReference; lastKnownFileType = sourcecode.swift; path = NotificationController.swift; sourceTree = "<group>"; };
		D26350A62574334700B3F9D0 /* NotificationView.swift */ = {isa = PBXFileReference; lastKnownFileType = sourcecode.swift; path = NotificationView.swift; sourceTree = "<group>"; };
		D26350A82574334700B3F9D0 /* ComplicationController.swift */ = {isa = PBXFileReference; lastKnownFileType = sourcecode.swift; path = ComplicationController.swift; sourceTree = "<group>"; };
		D26350AA2574334800B3F9D0 /* Assets.xcassets */ = {isa = PBXFileReference; lastKnownFileType = folder.assetcatalog; path = Assets.xcassets; sourceTree = "<group>"; };
		D26350AD2574334800B3F9D0 /* Preview Assets.xcassets */ = {isa = PBXFileReference; lastKnownFileType = folder.assetcatalog; path = "Preview Assets.xcassets"; sourceTree = "<group>"; };
		D26350AF2574334800B3F9D0 /* Info.plist */ = {isa = PBXFileReference; lastKnownFileType = text.plist.xml; path = Info.plist; sourceTree = "<group>"; };
		D26350B02574334800B3F9D0 /* PushNotificationPayload.apns */ = {isa = PBXFileReference; lastKnownFileType = text; path = PushNotificationPayload.apns; sourceTree = "<group>"; };
		D277FB552572C17900CE3F41 /* ritualApp.swift */ = {isa = PBXFileReference; lastKnownFileType = sourcecode.swift; path = ritualApp.swift; sourceTree = "<group>"; };
		D277FB572572C17A00CE3F41 /* Assets.xcassets */ = {isa = PBXFileReference; lastKnownFileType = folder.assetcatalog; path = Assets.xcassets; sourceTree = "<group>"; };
		D277FB5C2572C17A00CE3F41 /* ritual.app */ = {isa = PBXFileReference; explicitFileType = wrapper.application; includeInIndex = 0; path = ritual.app; sourceTree = BUILT_PRODUCTS_DIR; };
		D277FB5F2572C17A00CE3F41 /* Info.plist */ = {isa = PBXFileReference; lastKnownFileType = text.plist.xml; path = Info.plist; sourceTree = "<group>"; };
		D277FB642572C17A00CE3F41 /* ritual.app */ = {isa = PBXFileReference; explicitFileType = wrapper.application; includeInIndex = 0; path = ritual.app; sourceTree = BUILT_PRODUCTS_DIR; };
		D277FB662572C17A00CE3F41 /* Info.plist */ = {isa = PBXFileReference; lastKnownFileType = text.plist.xml; path = Info.plist; sourceTree = "<group>"; };
		D277FB672572C17A00CE3F41 /* macOS.entitlements */ = {isa = PBXFileReference; lastKnownFileType = text.plist.entitlements; path = macOS.entitlements; sourceTree = "<group>"; };
		D277FB782572C1DD00CE3F41 /* MainView.swift */ = {isa = PBXFileReference; lastKnownFileType = sourcecode.swift; path = MainView.swift; sourceTree = "<group>"; };
		D27EB90E2572CF51004C9C85 /* QuestionsData.swift */ = {isa = PBXFileReference; lastKnownFileType = sourcecode.swift; path = QuestionsData.swift; sourceTree = "<group>"; };
		D27EB91A25740606004C9C85 /* ColorPalatte.swift */ = {isa = PBXFileReference; lastKnownFileType = sourcecode.swift; path = ColorPalatte.swift; sourceTree = "<group>"; };
		D29B402325814F2D0055B1D9 /* ritual Widget Extension.appex */ = {isa = PBXFileReference; explicitFileType = "wrapper.app-extension"; includeInIndex = 0; path = "ritual Widget Extension.appex"; sourceTree = BUILT_PRODUCTS_DIR; };
		D29B402525814F2D0055B1D9 /* WidgetKit.framework */ = {isa = PBXFileReference; lastKnownFileType = wrapper.framework; name = WidgetKit.framework; path = System/Library/Frameworks/WidgetKit.framework; sourceTree = SDKROOT; };
		D29B402725814F2D0055B1D9 /* SwiftUI.framework */ = {isa = PBXFileReference; lastKnownFileType = wrapper.framework; name = SwiftUI.framework; path = System/Library/Frameworks/SwiftUI.framework; sourceTree = SDKROOT; };
		D29B402C25814F2E0055B1D9 /* Assets.xcassets */ = {isa = PBXFileReference; lastKnownFileType = folder.assetcatalog; path = Assets.xcassets; sourceTree = "<group>"; };
		D29B402E25814F2E0055B1D9 /* Info.plist */ = {isa = PBXFileReference; lastKnownFileType = text.plist.xml; path = Info.plist; sourceTree = "<group>"; };
		D29B403C25814F390055B1D9 /* ritual_Widget_Extension.swift */ = {isa = PBXFileReference; fileEncoding = 4; lastKnownFileType = sourcecode.swift; path = ritual_Widget_Extension.swift; sourceTree = "<group>"; };
		D29B4063258150F70055B1D9 /* QuestionCard.swift */ = {isa = PBXFileReference; lastKnownFileType = sourcecode.swift; path = QuestionCard.swift; sourceTree = "<group>"; };
		D2A73F7225814A8400923F48 /* AboutView.swift */ = {isa = PBXFileReference; lastKnownFileType = sourcecode.swift; path = AboutView.swift; sourceTree = "<group>"; };
/* End PBXFileReference section */

/* Begin PBXFrameworksBuildPhase section */
		D26350982574334700B3F9D0 /* Frameworks */ = {
			isa = PBXFrameworksBuildPhase;
			buildActionMask = 2147483647;
			files = (
			);
			runOnlyForDeploymentPostprocessing = 0;
		};
		D277FB592572C17A00CE3F41 /* Frameworks */ = {
			isa = PBXFrameworksBuildPhase;
			buildActionMask = 2147483647;
			files = (
			);
			runOnlyForDeploymentPostprocessing = 0;
		};
		D277FB612572C17A00CE3F41 /* Frameworks */ = {
			isa = PBXFrameworksBuildPhase;
			buildActionMask = 2147483647;
			files = (
			);
			runOnlyForDeploymentPostprocessing = 0;
		};
		D29B402025814F2D0055B1D9 /* Frameworks */ = {
			isa = PBXFrameworksBuildPhase;
			buildActionMask = 2147483647;
			files = (
				D29B402825814F2D0055B1D9 /* SwiftUI.framework in Frameworks */,
				D29B402625814F2D0055B1D9 /* WidgetKit.framework in Frameworks */,
			);
			runOnlyForDeploymentPostprocessing = 0;
		};
/* End PBXFrameworksBuildPhase section */

/* Begin PBXGroup section */
		D26350932574334600B3F9D0 /* ritual WatchKit App */ = {
			isa = PBXGroup;
			children = (
				D26350942574334700B3F9D0 /* Assets.xcassets */,
				D26350962574334700B3F9D0 /* Info.plist */,
			);
			path = "ritual WatchKit App";
			sourceTree = "<group>";
		};
		D263509F2574334700B3F9D0 /* ritual WatchKit Extension */ = {
			isa = PBXGroup;
			children = (
				D26350A02574334700B3F9D0 /* ritualApp.swift */,
				D26350A42574334700B3F9D0 /* NotificationController.swift */,
				D26350A62574334700B3F9D0 /* NotificationView.swift */,
				D26350A82574334700B3F9D0 /* ComplicationController.swift */,
				D26350AA2574334800B3F9D0 /* Assets.xcassets */,
				D26350AF2574334800B3F9D0 /* Info.plist */,
				D26350B02574334800B3F9D0 /* PushNotificationPayload.apns */,
				D26350AC2574334800B3F9D0 /* Preview Content */,
			);
			path = "ritual WatchKit Extension";
			sourceTree = "<group>";
		};
		D26350AC2574334800B3F9D0 /* Preview Content */ = {
			isa = PBXGroup;
			children = (
				D26350AD2574334800B3F9D0 /* Preview Assets.xcassets */,
			);
			path = "Preview Content";
			sourceTree = "<group>";
		};
		D277FB4F2572C17900CE3F41 = {
			isa = PBXGroup;
			children = (
				D277FB542572C17900CE3F41 /* Shared */,
				D277FB5E2572C17A00CE3F41 /* iOS */,
				D277FB652572C17A00CE3F41 /* macOS */,
				D26350932574334600B3F9D0 /* ritual WatchKit App */,
				D263509F2574334700B3F9D0 /* ritual WatchKit Extension */,
				D29B402925814F2D0055B1D9 /* ritual Widget Extension */,
				D29B402425814F2D0055B1D9 /* Frameworks */,
				D277FB5D2572C17A00CE3F41 /* Products */,
			);
			sourceTree = "<group>";
		};
		D277FB542572C17900CE3F41 /* Shared */ = {
			isa = PBXGroup;
			children = (
				D277FB552572C17900CE3F41 /* ritualApp.swift */,
				D277FB782572C1DD00CE3F41 /* MainView.swift */,
				D2A73F7225814A8400923F48 /* AboutView.swift */,
				D277FB572572C17A00CE3F41 /* Assets.xcassets */,
				D27EB90E2572CF51004C9C85 /* QuestionsData.swift */,
				D27EB91A25740606004C9C85 /* ColorPalatte.swift */,
				D29B4063258150F70055B1D9 /* QuestionCard.swift */,
			);
			path = Shared;
			sourceTree = "<group>";
		};
		D277FB5D2572C17A00CE3F41 /* Products */ = {
			isa = PBXGroup;
			children = (
				D277FB5C2572C17A00CE3F41 /* ritual.app */,
				D277FB642572C17A00CE3F41 /* ritual.app */,
				D263508C2574334600B3F9D0 /* ritual.app */,
				D263508F2574334600B3F9D0 /* ritual WatchKit App.app */,
				D263509B2574334700B3F9D0 /* ritual WatchKit Extension.appex */,
				D29B402325814F2D0055B1D9 /* ritual Widget Extension.appex */,
			);
			name = Products;
			sourceTree = "<group>";
		};
		D277FB5E2572C17A00CE3F41 /* iOS */ = {
			isa = PBXGroup;
			children = (
				D277FB5F2572C17A00CE3F41 /* Info.plist */,
			);
			path = iOS;
			sourceTree = "<group>";
		};
		D277FB652572C17A00CE3F41 /* macOS */ = {
			isa = PBXGroup;
			children = (
				D277FB662572C17A00CE3F41 /* Info.plist */,
				D277FB672572C17A00CE3F41 /* macOS.entitlements */,
			);
			path = macOS;
			sourceTree = "<group>";
		};
		D29B402425814F2D0055B1D9 /* Frameworks */ = {
			isa = PBXGroup;
			children = (
				D29B402525814F2D0055B1D9 /* WidgetKit.framework */,
				D29B402725814F2D0055B1D9 /* SwiftUI.framework */,
			);
			name = Frameworks;
			sourceTree = "<group>";
		};
		D29B402925814F2D0055B1D9 /* ritual Widget Extension */ = {
			isa = PBXGroup;
			children = (
				D29B403C25814F390055B1D9 /* ritual_Widget_Extension.swift */,
				D29B402C25814F2E0055B1D9 /* Assets.xcassets */,
				D29B402E25814F2E0055B1D9 /* Info.plist */,
			);
			path = "ritual Widget Extension";
			sourceTree = "<group>";
		};
/* End PBXGroup section */

/* Begin PBXNativeTarget section */
		D263508B2574334600B3F9D0 /* ritual */ = {
			isa = PBXNativeTarget;
			buildConfigurationList = D26350BB2574334800B3F9D0 /* Build configuration list for PBXNativeTarget "ritual" */;
			buildPhases = (
				D263508A2574334600B3F9D0 /* Resources */,
				D26350B32574334800B3F9D0 /* Embed Watch Content */,
			);
			buildRules = (
			);
			dependencies = (
				D26350922574334600B3F9D0 /* PBXTargetDependency */,
			);
			name = ritual;
			productName = ritual;
			productReference = D263508C2574334600B3F9D0 /* ritual.app */;
			productType = "com.apple.product-type.application.watchapp2-container";
		};
		D263508E2574334600B3F9D0 /* ritual WatchKit App */ = {
			isa = PBXNativeTarget;
			buildConfigurationList = D26350BA2574334800B3F9D0 /* Build configuration list for PBXNativeTarget "ritual WatchKit App" */;
			buildPhases = (
				D263508D2574334600B3F9D0 /* Resources */,
				D26350B62574334800B3F9D0 /* Embed App Extensions */,
			);
			buildRules = (
			);
			dependencies = (
				D263509E2574334700B3F9D0 /* PBXTargetDependency */,
			);
			name = "ritual WatchKit App";
			productName = "ritual WatchKit App";
			productReference = D263508F2574334600B3F9D0 /* ritual WatchKit App.app */;
			productType = "com.apple.product-type.application.watchapp2";
		};
		D263509A2574334700B3F9D0 /* ritual WatchKit Extension */ = {
			isa = PBXNativeTarget;
			buildConfigurationList = D26350B92574334800B3F9D0 /* Build configuration list for PBXNativeTarget "ritual WatchKit Extension" */;
			buildPhases = (
				D26350972574334700B3F9D0 /* Sources */,
				D26350982574334700B3F9D0 /* Frameworks */,
				D26350992574334700B3F9D0 /* Resources */,
			);
			buildRules = (
			);
			dependencies = (
			);
			name = "ritual WatchKit Extension";
			productName = "ritual WatchKit Extension";
			productReference = D263509B2574334700B3F9D0 /* ritual WatchKit Extension.appex */;
			productType = "com.apple.product-type.watchkit2-extension";
		};
		D277FB5B2572C17A00CE3F41 /* ritual (iOS) */ = {
			isa = PBXNativeTarget;
			buildConfigurationList = D277FB702572C17A00CE3F41 /* Build configuration list for PBXNativeTarget "ritual (iOS)" */;
			buildPhases = (
				D277FB582572C17A00CE3F41 /* Sources */,
				D277FB592572C17A00CE3F41 /* Frameworks */,
				D277FB5A2572C17A00CE3F41 /* Resources */,
				D29B403225814F2E0055B1D9 /* Embed App Extensions */,
			);
			buildRules = (
			);
			dependencies = (
				D29B403025814F2E0055B1D9 /* PBXTargetDependency */,
			);
			name = "ritual (iOS)";
			packageProductDependencies = (
			);
			productName = "ritual (iOS)";
			productReference = D277FB5C2572C17A00CE3F41 /* ritual.app */;
			productType = "com.apple.product-type.application";
		};
		D277FB632572C17A00CE3F41 /* ritual (macOS) */ = {
			isa = PBXNativeTarget;
			buildConfigurationList = D277FB732572C17A00CE3F41 /* Build configuration list for PBXNativeTarget "ritual (macOS)" */;
			buildPhases = (
				D277FB602572C17A00CE3F41 /* Sources */,
				D277FB612572C17A00CE3F41 /* Frameworks */,
				D277FB622572C17A00CE3F41 /* Resources */,
			);
			buildRules = (
			);
			dependencies = (
			);
			name = "ritual (macOS)";
			productName = "ritual (macOS)";
			productReference = D277FB642572C17A00CE3F41 /* ritual.app */;
			productType = "com.apple.product-type.application";
		};
		D29B402225814F2D0055B1D9 /* ritual Widget Extension */ = {
			isa = PBXNativeTarget;
			buildConfigurationList = D29B403525814F2E0055B1D9 /* Build configuration list for PBXNativeTarget "ritual Widget Extension" */;
			buildPhases = (
				D29B401F25814F2D0055B1D9 /* Sources */,
				D29B402025814F2D0055B1D9 /* Frameworks */,
				D29B402125814F2D0055B1D9 /* Resources */,
			);
			buildRules = (
			);
			dependencies = (
			);
			name = "ritual Widget Extension";
			productName = "ritual Widget ExtensionExtension";
			productReference = D29B402325814F2D0055B1D9 /* ritual Widget Extension.appex */;
			productType = "com.apple.product-type.app-extension";
		};
/* End PBXNativeTarget section */

/* Begin PBXProject section */
		D277FB502572C17900CE3F41 /* Project object */ = {
			isa = PBXProject;
			attributes = {
				LastSwiftUpdateCheck = 1220;
				LastUpgradeCheck = 1220;
				TargetAttributes = {
					D263508B2574334600B3F9D0 = {
						CreatedOnToolsVersion = 12.2;
					};
					D263508E2574334600B3F9D0 = {
						CreatedOnToolsVersion = 12.2;
					};
					D263509A2574334700B3F9D0 = {
						CreatedOnToolsVersion = 12.2;
					};
					D277FB5B2572C17A00CE3F41 = {
						CreatedOnToolsVersion = 12.2;
					};
					D277FB632572C17A00CE3F41 = {
						CreatedOnToolsVersion = 12.2;
					};
					D29B402225814F2D0055B1D9 = {
						CreatedOnToolsVersion = 12.2;
					};
				};
			};
			buildConfigurationList = D277FB532572C17900CE3F41 /* Build configuration list for PBXProject "ritual" */;
			compatibilityVersion = "Xcode 9.3";
			developmentRegion = en;
			hasScannedForEncodings = 0;
			knownRegions = (
				en,
				Base,
			);
			mainGroup = D277FB4F2572C17900CE3F41;
			packageReferences = (
			);
			productRefGroup = D277FB5D2572C17A00CE3F41 /* Products */;
			projectDirPath = "";
			projectRoot = "";
			targets = (
				D263508B2574334600B3F9D0 /* ritual */,
				D277FB5B2572C17A00CE3F41 /* ritual (iOS) */,
				D277FB632572C17A00CE3F41 /* ritual (macOS) */,
				D263508E2574334600B3F9D0 /* ritual WatchKit App */,
				D263509A2574334700B3F9D0 /* ritual WatchKit Extension */,
				D29B402225814F2D0055B1D9 /* ritual Widget Extension */,
			);
		};
/* End PBXProject section */

/* Begin PBXResourcesBuildPhase section */
		D263508A2574334600B3F9D0 /* Resources */ = {
			isa = PBXResourcesBuildPhase;
			buildActionMask = 2147483647;
			files = (
			);
			runOnlyForDeploymentPostprocessing = 0;
		};
		D263508D2574334600B3F9D0 /* Resources */ = {
			isa = PBXResourcesBuildPhase;
			buildActionMask = 2147483647;
			files = (
				D26350952574334700B3F9D0 /* Assets.xcassets in Resources */,
			);
			runOnlyForDeploymentPostprocessing = 0;
		};
		D26350992574334700B3F9D0 /* Resources */ = {
			isa = PBXResourcesBuildPhase;
			buildActionMask = 2147483647;
			files = (
				D26350AE2574334800B3F9D0 /* Preview Assets.xcassets in Resources */,
				D26350AB2574334800B3F9D0 /* Assets.xcassets in Resources */,
			);
			runOnlyForDeploymentPostprocessing = 0;
		};
		D277FB5A2572C17A00CE3F41 /* Resources */ = {
			isa = PBXResourcesBuildPhase;
			buildActionMask = 2147483647;
			files = (
				D277FB6C2572C17A00CE3F41 /* Assets.xcassets in Resources */,
			);
			runOnlyForDeploymentPostprocessing = 0;
		};
		D277FB622572C17A00CE3F41 /* Resources */ = {
			isa = PBXResourcesBuildPhase;
			buildActionMask = 2147483647;
			files = (
				D277FB6D2572C17A00CE3F41 /* Assets.xcassets in Resources */,
			);
			runOnlyForDeploymentPostprocessing = 0;
		};
		D29B402125814F2D0055B1D9 /* Resources */ = {
			isa = PBXResourcesBuildPhase;
			buildActionMask = 2147483647;
			files = (
				D29B402D25814F2E0055B1D9 /* Assets.xcassets in Resources */,
			);
			runOnlyForDeploymentPostprocessing = 0;
		};
/* End PBXResourcesBuildPhase section */

/* Begin PBXSourcesBuildPhase section */
		D26350972574334700B3F9D0 /* Sources */ = {
			isa = PBXSourcesBuildPhase;
			buildActionMask = 2147483647;
			files = (
				D2A73F7525814A8400923F48 /* AboutView.swift in Sources */,
				D26350DC257433BB00B3F9D0 /* ColorPalatte.swift in Sources */,
				D26350A52574334700B3F9D0 /* NotificationController.swift in Sources */,
				D26350D6257433B800B3F9D0 /* QuestionsData.swift in Sources */,
				D29B4065258150F70055B1D9 /* QuestionCard.swift in Sources */,
				D26350A92574334700B3F9D0 /* ComplicationController.swift in Sources */,
				D26350A12574334700B3F9D0 /* ritualApp.swift in Sources */,
				D26350CB257433A500B3F9D0 /* MainView.swift in Sources */,
				D26350A72574334700B3F9D0 /* NotificationView.swift in Sources */,
			);
			runOnlyForDeploymentPostprocessing = 0;
		};
		D277FB582572C17A00CE3F41 /* Sources */ = {
			isa = PBXSourcesBuildPhase;
			buildActionMask = 2147483647;
			files = (
				D277FB792572C1DD00CE3F41 /* MainView.swift in Sources */,
				D29B4064258150F70055B1D9 /* QuestionCard.swift in Sources */,
				D27EB91B25740606004C9C85 /* ColorPalatte.swift in Sources */,
				D27EB90F2572CF51004C9C85 /* QuestionsData.swift in Sources */,
				D277FB682572C17A00CE3F41 /* ritualApp.swift in Sources */,
				D2A73F7325814A8400923F48 /* AboutView.swift in Sources */,
			);
			runOnlyForDeploymentPostprocessing = 0;
		};
		D277FB602572C17A00CE3F41 /* Sources */ = {
			isa = PBXSourcesBuildPhase;
			buildActionMask = 2147483647;
			files = (
				D277FB7A2572C1DD00CE3F41 /* MainView.swift in Sources */,
				D27EB91C25740606004C9C85 /* ColorPalatte.swift in Sources */,
				D27EB9102572CF51004C9C85 /* QuestionsData.swift in Sources */,
				D277FB692572C17A00CE3F41 /* ritualApp.swift in Sources */,
				D2A73F7425814A8400923F48 /* AboutView.swift in Sources */,
			);
			runOnlyForDeploymentPostprocessing = 0;
		};
		D29B401F25814F2D0055B1D9 /* Sources */ = {
			isa = PBXSourcesBuildPhase;
			buildActionMask = 2147483647;
			files = (
				D29B404425814F480055B1D9 /* ritual_Widget_Extension.swift in Sources */,
				D29B406D258154B50055B1D9 /* QuestionsData.swift in Sources */,
				D29B4066258150F70055B1D9 /* QuestionCard.swift in Sources */,
				D29B4074258154BC0055B1D9 /* ColorPalatte.swift in Sources */,
			);
			runOnlyForDeploymentPostprocessing = 0;
		};
/* End PBXSourcesBuildPhase section */

/* Begin PBXTargetDependency section */
		D26350922574334600B3F9D0 /* PBXTargetDependency */ = {
			isa = PBXTargetDependency;
			target = D263508E2574334600B3F9D0 /* ritual WatchKit App */;
			targetProxy = D26350912574334600B3F9D0 /* PBXContainerItemProxy */;
		};
		D263509E2574334700B3F9D0 /* PBXTargetDependency */ = {
			isa = PBXTargetDependency;
			target = D263509A2574334700B3F9D0 /* ritual WatchKit Extension */;
			targetProxy = D263509D2574334700B3F9D0 /* PBXContainerItemProxy */;
		};
		D29B403025814F2E0055B1D9 /* PBXTargetDependency */ = {
			isa = PBXTargetDependency;
			target = D29B402225814F2D0055B1D9 /* ritual Widget Extension */;
			targetProxy = D29B402F25814F2E0055B1D9 /* PBXContainerItemProxy */;
		};
/* End PBXTargetDependency section */

/* Begin XCBuildConfiguration section */
		D26350B12574334800B3F9D0 /* Debug */ = {
			isa = XCBuildConfiguration;
			buildSettings = {
				CODE_SIGN_STYLE = Automatic;
				CURRENT_PROJECT_VERSION = 1;
				DEVELOPMENT_TEAM = WTBNDCHJ5B;
				MARKETING_VERSION = 1.0;
				PRODUCT_BUNDLE_IDENTIFIER = com.newnoetic.ritual;
				PRODUCT_NAME = "$(TARGET_NAME)";
				SDKROOT = iphoneos;
				SWIFT_VERSION = 5.0;
			};
			name = Debug;
		};
		D26350B22574334800B3F9D0 /* Release */ = {
			isa = XCBuildConfiguration;
			buildSettings = {
				CODE_SIGN_STYLE = Automatic;
				CURRENT_PROJECT_VERSION = 1;
				DEVELOPMENT_TEAM = WTBNDCHJ5B;
				MARKETING_VERSION = 1.0;
				PRODUCT_BUNDLE_IDENTIFIER = com.newnoetic.ritual;
				PRODUCT_NAME = "$(TARGET_NAME)";
				SDKROOT = iphoneos;
				SWIFT_VERSION = 5.0;
				VALIDATE_PRODUCT = YES;
			};
			name = Release;
		};
		D26350B42574334800B3F9D0 /* Debug */ = {
			isa = XCBuildConfiguration;
			buildSettings = {
				ALWAYS_EMBED_SWIFT_STANDARD_LIBRARIES = YES;
				ASSETCATALOG_COMPILER_APPICON_NAME = AppIcon;
				ASSETCATALOG_COMPILER_GLOBAL_ACCENT_COLOR_NAME = AccentColor;
				CODE_SIGN_STYLE = Automatic;
				DEVELOPMENT_TEAM = CUCB33MFQZ;
				IBSC_MODULE = ritual_WatchKit_Extension;
				INFOPLIST_FILE = "ritual WatchKit App/Info.plist";
				PRODUCT_BUNDLE_IDENTIFIER = com.newnoetic.ritual.watchkitapp;
				PRODUCT_NAME = "$(TARGET_NAME)";
				SDKROOT = watchos;
				SKIP_INSTALL = YES;
				SWIFT_VERSION = 5.0;
				TARGETED_DEVICE_FAMILY = 4;
				WATCHOS_DEPLOYMENT_TARGET = 7.1;
			};
			name = Debug;
		};
		D26350B52574334800B3F9D0 /* Release */ = {
			isa = XCBuildConfiguration;
			buildSettings = {
				ALWAYS_EMBED_SWIFT_STANDARD_LIBRARIES = YES;
				ASSETCATALOG_COMPILER_APPICON_NAME = AppIcon;
				ASSETCATALOG_COMPILER_GLOBAL_ACCENT_COLOR_NAME = AccentColor;
				CODE_SIGN_STYLE = Automatic;
				DEVELOPMENT_TEAM = CUCB33MFQZ;
				IBSC_MODULE = ritual_WatchKit_Extension;
				INFOPLIST_FILE = "ritual WatchKit App/Info.plist";
				PRODUCT_BUNDLE_IDENTIFIER = com.newnoetic.ritual.watchkitapp;
				PRODUCT_NAME = "$(TARGET_NAME)";
				SDKROOT = watchos;
				SKIP_INSTALL = YES;
				SWIFT_VERSION = 5.0;
				TARGETED_DEVICE_FAMILY = 4;
				VALIDATE_PRODUCT = YES;
				WATCHOS_DEPLOYMENT_TARGET = 7.1;
			};
			name = Release;
		};
		D26350B72574334800B3F9D0 /* Debug */ = {
			isa = XCBuildConfiguration;
			buildSettings = {
				ASSETCATALOG_COMPILER_COMPLICATION_NAME = Complication;
				CODE_SIGN_STYLE = Automatic;
				DEVELOPMENT_ASSET_PATHS = "\"ritual WatchKit Extension/Preview Content\"";
				DEVELOPMENT_TEAM = CUCB33MFQZ;
				ENABLE_PREVIEWS = YES;
				INFOPLIST_FILE = "ritual WatchKit Extension/Info.plist";
				LD_RUNPATH_SEARCH_PATHS = (
					"$(inherited)",
					"@executable_path/Frameworks",
					"@executable_path/../../Frameworks",
				);
				PRODUCT_BUNDLE_IDENTIFIER = com.newnoetic.ritual.watchkitapp.watchkitextension;
				PRODUCT_NAME = "${TARGET_NAME}";
				SDKROOT = watchos;
				SKIP_INSTALL = YES;
				SWIFT_VERSION = 5.0;
				TARGETED_DEVICE_FAMILY = 4;
				WATCHOS_DEPLOYMENT_TARGET = 7.1;
			};
			name = Debug;
		};
		D26350B82574334800B3F9D0 /* Release */ = {
			isa = XCBuildConfiguration;
			buildSettings = {
				ASSETCATALOG_COMPILER_COMPLICATION_NAME = Complication;
				CODE_SIGN_STYLE = Automatic;
				DEVELOPMENT_ASSET_PATHS = "\"ritual WatchKit Extension/Preview Content\"";
				DEVELOPMENT_TEAM = CUCB33MFQZ;
				ENABLE_PREVIEWS = YES;
				INFOPLIST_FILE = "ritual WatchKit Extension/Info.plist";
				LD_RUNPATH_SEARCH_PATHS = (
					"$(inherited)",
					"@executable_path/Frameworks",
					"@executable_path/../../Frameworks",
				);
				PRODUCT_BUNDLE_IDENTIFIER = com.newnoetic.ritual.watchkitapp.watchkitextension;
				PRODUCT_NAME = "${TARGET_NAME}";
				SDKROOT = watchos;
				SKIP_INSTALL = YES;
				SWIFT_VERSION = 5.0;
				TARGETED_DEVICE_FAMILY = 4;
				VALIDATE_PRODUCT = YES;
				WATCHOS_DEPLOYMENT_TARGET = 7.1;
			};
			name = Release;
		};
		D277FB6E2572C17A00CE3F41 /* Debug */ = {
			isa = XCBuildConfiguration;
			buildSettings = {
				ALWAYS_SEARCH_USER_PATHS = NO;
				CLANG_ANALYZER_NONNULL = YES;
				CLANG_ANALYZER_NUMBER_OBJECT_CONVERSION = YES_AGGRESSIVE;
				CLANG_CXX_LANGUAGE_STANDARD = "gnu++14";
				CLANG_CXX_LIBRARY = "libc++";
				CLANG_ENABLE_MODULES = YES;
				CLANG_ENABLE_OBJC_ARC = YES;
				CLANG_ENABLE_OBJC_WEAK = YES;
				CLANG_WARN_BLOCK_CAPTURE_AUTORELEASING = YES;
				CLANG_WARN_BOOL_CONVERSION = YES;
				CLANG_WARN_COMMA = YES;
				CLANG_WARN_CONSTANT_CONVERSION = YES;
				CLANG_WARN_DEPRECATED_OBJC_IMPLEMENTATIONS = YES;
				CLANG_WARN_DIRECT_OBJC_ISA_USAGE = YES_ERROR;
				CLANG_WARN_DOCUMENTATION_COMMENTS = YES;
				CLANG_WARN_EMPTY_BODY = YES;
				CLANG_WARN_ENUM_CONVERSION = YES;
				CLANG_WARN_INFINITE_RECURSION = YES;
				CLANG_WARN_INT_CONVERSION = YES;
				CLANG_WARN_NON_LITERAL_NULL_CONVERSION = YES;
				CLANG_WARN_OBJC_IMPLICIT_RETAIN_SELF = YES;
				CLANG_WARN_OBJC_LITERAL_CONVERSION = YES;
				CLANG_WARN_OBJC_ROOT_CLASS = YES_ERROR;
				CLANG_WARN_QUOTED_INCLUDE_IN_FRAMEWORK_HEADER = YES;
				CLANG_WARN_RANGE_LOOP_ANALYSIS = YES;
				CLANG_WARN_STRICT_PROTOTYPES = YES;
				CLANG_WARN_SUSPICIOUS_MOVE = YES;
				CLANG_WARN_UNGUARDED_AVAILABILITY = YES_AGGRESSIVE;
				CLANG_WARN_UNREACHABLE_CODE = YES;
				CLANG_WARN__DUPLICATE_METHOD_MATCH = YES;
				COPY_PHASE_STRIP = NO;
				DEBUG_INFORMATION_FORMAT = dwarf;
				ENABLE_STRICT_OBJC_MSGSEND = YES;
				ENABLE_TESTABILITY = YES;
				GCC_C_LANGUAGE_STANDARD = gnu11;
				GCC_DYNAMIC_NO_PIC = NO;
				GCC_NO_COMMON_BLOCKS = YES;
				GCC_OPTIMIZATION_LEVEL = 0;
				GCC_PREPROCESSOR_DEFINITIONS = (
					"DEBUG=1",
					"$(inherited)",
				);
				GCC_WARN_64_TO_32_BIT_CONVERSION = YES;
				GCC_WARN_ABOUT_RETURN_TYPE = YES_ERROR;
				GCC_WARN_UNDECLARED_SELECTOR = YES;
				GCC_WARN_UNINITIALIZED_AUTOS = YES_AGGRESSIVE;
				GCC_WARN_UNUSED_FUNCTION = YES;
				GCC_WARN_UNUSED_VARIABLE = YES;
				MTL_ENABLE_DEBUG_INFO = INCLUDE_SOURCE;
				MTL_FAST_MATH = YES;
				ONLY_ACTIVE_ARCH = YES;
				SWIFT_ACTIVE_COMPILATION_CONDITIONS = DEBUG;
				SWIFT_OPTIMIZATION_LEVEL = "-Onone";
			};
			name = Debug;
		};
		D277FB6F2572C17A00CE3F41 /* Release */ = {
			isa = XCBuildConfiguration;
			buildSettings = {
				ALWAYS_SEARCH_USER_PATHS = NO;
				CLANG_ANALYZER_NONNULL = YES;
				CLANG_ANALYZER_NUMBER_OBJECT_CONVERSION = YES_AGGRESSIVE;
				CLANG_CXX_LANGUAGE_STANDARD = "gnu++14";
				CLANG_CXX_LIBRARY = "libc++";
				CLANG_ENABLE_MODULES = YES;
				CLANG_ENABLE_OBJC_ARC = YES;
				CLANG_ENABLE_OBJC_WEAK = YES;
				CLANG_WARN_BLOCK_CAPTURE_AUTORELEASING = YES;
				CLANG_WARN_BOOL_CONVERSION = YES;
				CLANG_WARN_COMMA = YES;
				CLANG_WARN_CONSTANT_CONVERSION = YES;
				CLANG_WARN_DEPRECATED_OBJC_IMPLEMENTATIONS = YES;
				CLANG_WARN_DIRECT_OBJC_ISA_USAGE = YES_ERROR;
				CLANG_WARN_DOCUMENTATION_COMMENTS = YES;
				CLANG_WARN_EMPTY_BODY = YES;
				CLANG_WARN_ENUM_CONVERSION = YES;
				CLANG_WARN_INFINITE_RECURSION = YES;
				CLANG_WARN_INT_CONVERSION = YES;
				CLANG_WARN_NON_LITERAL_NULL_CONVERSION = YES;
				CLANG_WARN_OBJC_IMPLICIT_RETAIN_SELF = YES;
				CLANG_WARN_OBJC_LITERAL_CONVERSION = YES;
				CLANG_WARN_OBJC_ROOT_CLASS = YES_ERROR;
				CLANG_WARN_QUOTED_INCLUDE_IN_FRAMEWORK_HEADER = YES;
				CLANG_WARN_RANGE_LOOP_ANALYSIS = YES;
				CLANG_WARN_STRICT_PROTOTYPES = YES;
				CLANG_WARN_SUSPICIOUS_MOVE = YES;
				CLANG_WARN_UNGUARDED_AVAILABILITY = YES_AGGRESSIVE;
				CLANG_WARN_UNREACHABLE_CODE = YES;
				CLANG_WARN__DUPLICATE_METHOD_MATCH = YES;
				COPY_PHASE_STRIP = NO;
				DEBUG_INFORMATION_FORMAT = "dwarf-with-dsym";
				ENABLE_NS_ASSERTIONS = NO;
				ENABLE_STRICT_OBJC_MSGSEND = YES;
				GCC_C_LANGUAGE_STANDARD = gnu11;
				GCC_NO_COMMON_BLOCKS = YES;
				GCC_WARN_64_TO_32_BIT_CONVERSION = YES;
				GCC_WARN_ABOUT_RETURN_TYPE = YES_ERROR;
				GCC_WARN_UNDECLARED_SELECTOR = YES;
				GCC_WARN_UNINITIALIZED_AUTOS = YES_AGGRESSIVE;
				GCC_WARN_UNUSED_FUNCTION = YES;
				GCC_WARN_UNUSED_VARIABLE = YES;
				MTL_ENABLE_DEBUG_INFO = NO;
				MTL_FAST_MATH = YES;
				SWIFT_COMPILATION_MODE = wholemodule;
				SWIFT_OPTIMIZATION_LEVEL = "-O";
			};
			name = Release;
		};
		D277FB712572C17A00CE3F41 /* Debug */ = {
			isa = XCBuildConfiguration;
			buildSettings = {
				ALWAYS_EMBED_SWIFT_STANDARD_LIBRARIES = YES;
				ASSETCATALOG_COMPILER_APPICON_NAME = AppIcon;
				ASSETCATALOG_COMPILER_GLOBAL_ACCENT_COLOR_NAME = AccentColor;
				CODE_SIGN_STYLE = Automatic;
				DEVELOPMENT_TEAM = CUCB33MFQZ;
				ENABLE_PREVIEWS = YES;
				INFOPLIST_FILE = iOS/Info.plist;
				IPHONEOS_DEPLOYMENT_TARGET = 14.0;
				LD_RUNPATH_SEARCH_PATHS = (
					"$(inherited)",
					"@executable_path/Frameworks",
				);
				PRODUCT_BUNDLE_IDENTIFIER = com.newnoetic.ritual;
				PRODUCT_NAME = ritual;
				SDKROOT = iphoneos;
				SWIFT_VERSION = 5.0;
				TARGETED_DEVICE_FAMILY = "1,2";
			};
			name = Debug;
		};
		D277FB722572C17A00CE3F41 /* Release */ = {
			isa = XCBuildConfiguration;
			buildSettings = {
				ALWAYS_EMBED_SWIFT_STANDARD_LIBRARIES = YES;
				ASSETCATALOG_COMPILER_APPICON_NAME = AppIcon;
				ASSETCATALOG_COMPILER_GLOBAL_ACCENT_COLOR_NAME = AccentColor;
				CODE_SIGN_STYLE = Automatic;
				DEVELOPMENT_TEAM = CUCB33MFQZ;
				ENABLE_PREVIEWS = YES;
				INFOPLIST_FILE = iOS/Info.plist;
				IPHONEOS_DEPLOYMENT_TARGET = 14.0;
				LD_RUNPATH_SEARCH_PATHS = (
					"$(inherited)",
					"@executable_path/Frameworks",
				);
				PRODUCT_BUNDLE_IDENTIFIER = com.newnoetic.ritual;
				PRODUCT_NAME = ritual;
				SDKROOT = iphoneos;
				SWIFT_VERSION = 5.0;
				TARGETED_DEVICE_FAMILY = "1,2";
				VALIDATE_PRODUCT = YES;
			};
			name = Release;
		};
		D277FB742572C17A00CE3F41 /* Debug */ = {
			isa = XCBuildConfiguration;
			buildSettings = {
				ASSETCATALOG_COMPILER_APPICON_NAME = AppIcon;
				ASSETCATALOG_COMPILER_GLOBAL_ACCENT_COLOR_NAME = AccentColor;
				CODE_SIGN_ENTITLEMENTS = macOS/macOS.entitlements;
				CODE_SIGN_STYLE = Automatic;
				COMBINE_HIDPI_IMAGES = YES;
				DEVELOPMENT_TEAM = CUCB33MFQZ;
				ENABLE_HARDENED_RUNTIME = YES;
				ENABLE_PREVIEWS = YES;
				INFOPLIST_FILE = macOS/Info.plist;
				LD_RUNPATH_SEARCH_PATHS = (
					"$(inherited)",
					"@executable_path/../Frameworks",
				);
				MACOSX_DEPLOYMENT_TARGET = 11.0;
				PRODUCT_BUNDLE_IDENTIFIER = com.newnoetic.ritual;
				PRODUCT_NAME = ritual;
				SDKROOT = macosx;
				SWIFT_VERSION = 5.0;
			};
			name = Debug;
		};
		D277FB752572C17A00CE3F41 /* Release */ = {
			isa = XCBuildConfiguration;
			buildSettings = {
				ASSETCATALOG_COMPILER_APPICON_NAME = AppIcon;
				ASSETCATALOG_COMPILER_GLOBAL_ACCENT_COLOR_NAME = AccentColor;
				CODE_SIGN_ENTITLEMENTS = macOS/macOS.entitlements;
				CODE_SIGN_STYLE = Automatic;
				COMBINE_HIDPI_IMAGES = YES;
				DEVELOPMENT_TEAM = CUCB33MFQZ;
				ENABLE_HARDENED_RUNTIME = YES;
				ENABLE_PREVIEWS = YES;
				INFOPLIST_FILE = macOS/Info.plist;
				LD_RUNPATH_SEARCH_PATHS = (
					"$(inherited)",
					"@executable_path/../Frameworks",
				);
				MACOSX_DEPLOYMENT_TARGET = 11.0;
				PRODUCT_BUNDLE_IDENTIFIER = com.newnoetic.ritual;
				PRODUCT_NAME = ritual;
				SDKROOT = macosx;
				SWIFT_VERSION = 5.0;
			};
			name = Release;
		};
		D29B403325814F2E0055B1D9 /* Debug */ = {
			isa = XCBuildConfiguration;
			buildSettings = {
				ASSETCATALOG_COMPILER_GLOBAL_ACCENT_COLOR_NAME = AccentColor;
				ASSETCATALOG_COMPILER_WIDGET_BACKGROUND_COLOR_NAME = WidgetBackground;
				CODE_SIGN_STYLE = Automatic;
				DEVELOPMENT_TEAM = CUCB33MFQZ;
				INFOPLIST_FILE = "ritual Widget Extension/Info.plist";
				IPHONEOS_DEPLOYMENT_TARGET = 14.2;
				LD_RUNPATH_SEARCH_PATHS = (
					"$(inherited)",
					"@executable_path/Frameworks",
					"@executable_path/../../Frameworks",
				);
				PRODUCT_BUNDLE_IDENTIFIER = com.newnoetic.ritual.widgetextension;
				PRODUCT_NAME = "$(TARGET_NAME)";
				SDKROOT = iphoneos;
				SKIP_INSTALL = YES;
				SWIFT_VERSION = 5.0;
				TARGETED_DEVICE_FAMILY = "1,2";
			};
			name = Debug;
		};
		D29B403425814F2E0055B1D9 /* Release */ = {
			isa = XCBuildConfiguration;
			buildSettings = {
				ASSETCATALOG_COMPILER_GLOBAL_ACCENT_COLOR_NAME = AccentColor;
				ASSETCATALOG_COMPILER_WIDGET_BACKGROUND_COLOR_NAME = WidgetBackground;
				CODE_SIGN_STYLE = Automatic;
				DEVELOPMENT_TEAM = CUCB33MFQZ;
				INFOPLIST_FILE = "ritual Widget Extension/Info.plist";
				IPHONEOS_DEPLOYMENT_TARGET = 14.2;
				LD_RUNPATH_SEARCH_PATHS = (
					"$(inherited)",
					"@executable_path/Frameworks",
					"@executable_path/../../Frameworks",
				);
				PRODUCT_BUNDLE_IDENTIFIER = com.newnoetic.ritual.widgetextension;
				PRODUCT_NAME = "$(TARGET_NAME)";
				SDKROOT = iphoneos;
				SKIP_INSTALL = YES;
				SWIFT_VERSION = 5.0;
				TARGETED_DEVICE_FAMILY = "1,2";
				VALIDATE_PRODUCT = YES;
			};
			name = Release;
		};
/* End XCBuildConfiguration section */

/* Begin XCConfigurationList section */
		D26350B92574334800B3F9D0 /* Build configuration list for PBXNativeTarget "ritual WatchKit Extension" */ = {
			isa = XCConfigurationList;
			buildConfigurations = (
				D26350B72574334800B3F9D0 /* Debug */,
				D26350B82574334800B3F9D0 /* Release */,
			);
			defaultConfigurationIsVisible = 0;
			defaultConfigurationName = Release;
		};
		D26350BA2574334800B3F9D0 /* Build configuration list for PBXNativeTarget "ritual WatchKit App" */ = {
			isa = XCConfigurationList;
			buildConfigurations = (
				D26350B42574334800B3F9D0 /* Debug */,
				D26350B52574334800B3F9D0 /* Release */,
			);
			defaultConfigurationIsVisible = 0;
			defaultConfigurationName = Release;
		};
		D26350BB2574334800B3F9D0 /* Build configuration list for PBXNativeTarget "ritual" */ = {
			isa = XCConfigurationList;
			buildConfigurations = (
				D26350B12574334800B3F9D0 /* Debug */,
				D26350B22574334800B3F9D0 /* Release */,
			);
			defaultConfigurationIsVisible = 0;
			defaultConfigurationName = Release;
		};
		D277FB532572C17900CE3F41 /* Build configuration list for PBXProject "ritual" */ = {
			isa = XCConfigurationList;
			buildConfigurations = (
				D277FB6E2572C17A00CE3F41 /* Debug */,
				D277FB6F2572C17A00CE3F41 /* Release */,
			);
			defaultConfigurationIsVisible = 0;
			defaultConfigurationName = Release;
		};
		D277FB702572C17A00CE3F41 /* Build configuration list for PBXNativeTarget "ritual (iOS)" */ = {
			isa = XCConfigurationList;
			buildConfigurations = (
				D277FB712572C17A00CE3F41 /* Debug */,
				D277FB722572C17A00CE3F41 /* Release */,
			);
			defaultConfigurationIsVisible = 0;
			defaultConfigurationName = Release;
		};
		D277FB732572C17A00CE3F41 /* Build configuration list for PBXNativeTarget "ritual (macOS)" */ = {
			isa = XCConfigurationList;
			buildConfigurations = (
				D277FB742572C17A00CE3F41 /* Debug */,
				D277FB752572C17A00CE3F41 /* Release */,
			);
			defaultConfigurationIsVisible = 0;
			defaultConfigurationName = Release;
		};
		D29B403525814F2E0055B1D9 /* Build configuration list for PBXNativeTarget "ritual Widget Extension" */ = {
			isa = XCConfigurationList;
			buildConfigurations = (
				D29B403325814F2E0055B1D9 /* Debug */,
				D29B403425814F2E0055B1D9 /* Release */,
			);
			defaultConfigurationIsVisible = 0;
			defaultConfigurationName = Release;
		};
/* End XCConfigurationList section */
	};
	rootObject = D277FB502572C17900CE3F41 /* Project object */;
}
