// !$*UTF8*$!
{
	archiveVersion = 1;
	classes = {
	};
	objectVersion = 50;
	objects = {

/* Begin PBXBuildFile section */
		D277FB682572C17A00CE3F41 /* ritualApp.swift in Sources */ = {isa = PBXBuildFile; fileRef = D277FB552572C17900CE3F41 /* ritualApp.swift */; };
		D277FB692572C17A00CE3F41 /* ritualApp.swift in Sources */ = {isa = PBXBuildFile; fileRef = D277FB552572C17900CE3F41 /* ritualApp.swift */; };
		D277FB6A2572C17A00CE3F41 /* ContentView.swift in Sources */ = {isa = PBXBuildFile; fileRef = D277FB562572C17900CE3F41 /* ContentView.swift */; };
		D277FB6B2572C17A00CE3F41 /* ContentView.swift in Sources */ = {isa = PBXBuildFile; fileRef = D277FB562572C17900CE3F41 /* ContentView.swift */; };
		D277FB6C2572C17A00CE3F41 /* Assets.xcassets in Resources */ = {isa = PBXBuildFile; fileRef = D277FB572572C17A00CE3F41 /* Assets.xcassets */; };
		D277FB6D2572C17A00CE3F41 /* Assets.xcassets in Resources */ = {isa = PBXBuildFile; fileRef = D277FB572572C17A00CE3F41 /* Assets.xcassets */; };
/* End PBXBuildFile section */

/* Begin PBXFileReference section */
		D277FB552572C17900CE3F41 /* ritualApp.swift */ = {isa = PBXFileReference; lastKnownFileType = sourcecode.swift; path = ritualApp.swift; sourceTree = "<group>"; };
		D277FB562572C17900CE3F41 /* ContentView.swift */ = {isa = PBXFileReference; lastKnownFileType = sourcecode.swift; path = ContentView.swift; sourceTree = "<group>"; };
		D277FB572572C17A00CE3F41 /* Assets.xcassets */ = {isa = PBXFileReference; lastKnownFileType = folder.assetcatalog; path = Assets.xcassets; sourceTree = "<group>"; };
		D277FB5C2572C17A00CE3F41 /* ritual.app */ = {isa = PBXFileReference; explicitFileType = wrapper.application; includeInIndex = 0; path = ritual.app; sourceTree = BUILT_PRODUCTS_DIR; };
		D277FB5F2572C17A00CE3F41 /* Info.plist */ = {isa = PBXFileReference; lastKnownFileType = text.plist.xml; path = Info.plist; sourceTree = "<group>"; };
		D277FB642572C17A00CE3F41 /* ritual.app */ = {isa = PBXFileReference; explicitFileType = wrapper.application; includeInIndex = 0; path = ritual.app; sourceTree = BUILT_PRODUCTS_DIR; };
		D277FB662572C17A00CE3F41 /* Info.plist */ = {isa = PBXFileReference; lastKnownFileType = text.plist.xml; path = Info.plist; sourceTree = "<group>"; };
		D277FB672572C17A00CE3F41 /* macOS.entitlements */ = {isa = PBXFileReference; lastKnownFileType = text.plist.entitlements; path = macOS.entitlements; sourceTree = "<group>"; };
/* End PBXFileReference section */

/* Begin PBXFrameworksBuildPhase section */
		D277FB592572C17A00CE3F41 /* Frameworks */ = {
			isa = PBXFrameworksBuildPhase;
			buildActionMask = 2147483647;
			files = (
			);
			runOnlyForDeploymentPostprocessing = 0;
		};
		D277FB612572C17A00CE3F41 /* Frameworks */ = {
			isa = PBXFrameworksBuildPhase;
			buildActionMask = 2147483647;
			files = (
			);
			runOnlyForDeploymentPostprocessing = 0;
		};
/* End PBXFrameworksBuildPhase section */

/* Begin PBXGroup section */
		D277FB4F2572C17900CE3F41 = {
			isa = PBXGroup;
			children = (
				D277FB542572C17900CE3F41 /* Shared */,
				D277FB5E2572C17A00CE3F41 /* iOS */,
				D277FB652572C17A00CE3F41 /* macOS */,
				D277FB5D2572C17A00CE3F41 /* Products */,
			);
			sourceTree = "<group>";
		};
		D277FB542572C17900CE3F41 /* Shared */ = {
			isa = PBXGroup;
			children = (
				D277FB552572C17900CE3F41 /* ritualApp.swift */,
				D277FB562572C17900CE3F41 /* ContentView.swift */,
				D277FB572572C17A00CE3F41 /* Assets.xcassets */,
			);
			path = Shared;
			sourceTree = "<group>";
		};
		D277FB5D2572C17A00CE3F41 /* Products */ = {
			isa = PBXGroup;
			children = (
				D277FB5C2572C17A00CE3F41 /* ritual.app */,
				D277FB642572C17A00CE3F41 /* ritual.app */,
			);
			name = Products;
			sourceTree = "<group>";
		};
		D277FB5E2572C17A00CE3F41 /* iOS */ = {
			isa = PBXGroup;
			children = (
				D277FB5F2572C17A00CE3F41 /* Info.plist */,
			);
			path = iOS;
			sourceTree = "<group>";
		};
		D277FB652572C17A00CE3F41 /* macOS */ = {
			isa = PBXGroup;
			children = (
				D277FB662572C17A00CE3F41 /* Info.plist */,
				D277FB672572C17A00CE3F41 /* macOS.entitlements */,
			);
			path = macOS;
			sourceTree = "<group>";
		};
/* End PBXGroup section */

/* Begin PBXNativeTarget section */
		D277FB5B2572C17A00CE3F41 /* ritual (iOS) */ = {
			isa = PBXNativeTarget;
			buildConfigurationList = D277FB702572C17A00CE3F41 /* Build configuration list for PBXNativeTarget "ritual (iOS)" */;
			buildPhases = (
				D277FB582572C17A00CE3F41 /* Sources */,
				D277FB592572C17A00CE3F41 /* Frameworks */,
				D277FB5A2572C17A00CE3F41 /* Resources */,
			);
			buildRules = (
			);
			dependencies = (
			);
			name = "ritual (iOS)";
			productName = "ritual (iOS)";
			productReference = D277FB5C2572C17A00CE3F41 /* ritual.app */;
			productType = "com.apple.product-type.application";
		};
		D277FB632572C17A00CE3F41 /* ritual (macOS) */ = {
			isa = PBXNativeTarget;
			buildConfigurationList = D277FB732572C17A00CE3F41 /* Build configuration list for PBXNativeTarget "ritual (macOS)" */;
			buildPhases = (
				D277FB602572C17A00CE3F41 /* Sources */,
				D277FB612572C17A00CE3F41 /* Frameworks */,
				D277FB622572C17A00CE3F41 /* Resources */,
			);
			buildRules = (
			);
			dependencies = (
			);
			name = "ritual (macOS)";
			productName = "ritual (macOS)";
			productReference = D277FB642572C17A00CE3F41 /* ritual.app */;
			productType = "com.apple.product-type.application";
		};
/* End PBXNativeTarget section */

/* Begin PBXProject section */
		D277FB502572C17900CE3F41 /* Project object */ = {
			isa = PBXProject;
			attributes = {
				LastSwiftUpdateCheck = 1220;
				LastUpgradeCheck = 1220;
				TargetAttributes = {
					D277FB5B2572C17A00CE3F41 = {
						CreatedOnToolsVersion = 12.2;
					};
					D277FB632572C17A00CE3F41 = {
						CreatedOnToolsVersion = 12.2;
					};
				};
			};
			buildConfigurationList = D277FB532572C17900CE3F41 /* Build configuration list for PBXProject "ritual" */;
			compatibilityVersion = "Xcode 9.3";
			developmentRegion = en;
			hasScannedForEncodings = 0;
			knownRegions = (
				en,
				Base,
			);
			mainGroup = D277FB4F2572C17900CE3F41;
			productRefGroup = D277FB5D2572C17A00CE3F41 /* Products */;
			projectDirPath = "";
			projectRoot = "";
			targets = (
				D277FB5B2572C17A00CE3F41 /* ritual (iOS) */,
				D277FB632572C17A00CE3F41 /* ritual (macOS) */,
			);
		};
/* End PBXProject section */

/* Begin PBXResourcesBuildPhase section */
		D277FB5A2572C17A00CE3F41 /* Resources */ = {
			isa = PBXResourcesBuildPhase;
			buildActionMask = 2147483647;
			files = (
				D277FB6C2572C17A00CE3F41 /* Assets.xcassets in Resources */,
			);
			runOnlyForDeploymentPostprocessing = 0;
		};
		D277FB622572C17A00CE3F41 /* Resources */ = {
			isa = PBXResourcesBuildPhase;
			buildActionMask = 2147483647;
			files = (
				D277FB6D2572C17A00CE3F41 /* Assets.xcassets in Resources */,
			);
			runOnlyForDeploymentPostprocessing = 0;
		};
/* End PBXResourcesBuildPhase section */

/* Begin PBXSourcesBuildPhase section */
		D277FB582572C17A00CE3F41 /* Sources */ = {
			isa = PBXSourcesBuildPhase;
			buildActionMask = 2147483647;
			files = (
				D277FB6A2572C17A00CE3F41 /* ContentView.swift in Sources */,
				D277FB682572C17A00CE3F41 /* ritualApp.swift in Sources */,
			);
			runOnlyForDeploymentPostprocessing = 0;
		};
		D277FB602572C17A00CE3F41 /* Sources */ = {
			isa = PBXSourcesBuildPhase;
			buildActionMask = 2147483647;
			files = (
				D277FB6B2572C17A00CE3F41 /* ContentView.swift in Sources */,
				D277FB692572C17A00CE3F41 /* ritualApp.swift in Sources */,
			);
			runOnlyForDeploymentPostprocessing = 0;
		};
/* End PBXSourcesBuildPhase section */

/* Begin XCBuildConfiguration section */
		D277FB6E2572C17A00CE3F41 /* Debug */ = {
			isa = XCBuildConfiguration;
			buildSettings = {
				ALWAYS_SEARCH_USER_PATHS = NO;
				CLANG_ANALYZER_NONNULL = YES;
				CLANG_ANALYZER_NUMBER_OBJECT_CONVERSION = YES_AGGRESSIVE;
				CLANG_CXX_LANGUAGE_STANDARD = "gnu++14";
				CLANG_CXX_LIBRARY = "libc++";
				CLANG_ENABLE_MODULES = YES;
				CLANG_ENABLE_OBJC_ARC = YES;
				CLANG_ENABLE_OBJC_WEAK = YES;
				CLANG_WARN_BLOCK_CAPTURE_AUTORELEASING = YES;
				CLANG_WARN_BOOL_CONVERSION = YES;
				CLANG_WARN_COMMA = YES;
				CLANG_WARN_CONSTANT_CONVERSION = YES;
				CLANG_WARN_DEPRECATED_OBJC_IMPLEMENTATIONS = YES;
				CLANG_WARN_DIRECT_OBJC_ISA_USAGE = YES_ERROR;
				CLANG_WARN_DOCUMENTATION_COMMENTS = YES;
				CLANG_WARN_EMPTY_BODY = YES;
				CLANG_WARN_ENUM_CONVERSION = YES;
				CLANG_WARN_INFINITE_RECURSION = YES;
				CLANG_WARN_INT_CONVERSION = YES;
				CLANG_WARN_NON_LITERAL_NULL_CONVERSION = YES;
				CLANG_WARN_OBJC_IMPLICIT_RETAIN_SELF = YES;
				CLANG_WARN_OBJC_LITERAL_CONVERSION = YES;
				CLANG_WARN_OBJC_ROOT_CLASS = YES_ERROR;
				CLANG_WARN_QUOTED_INCLUDE_IN_FRAMEWORK_HEADER = YES;
				CLANG_WARN_RANGE_LOOP_ANALYSIS = YES;
				CLANG_WARN_STRICT_PROTOTYPES = YES;
				CLANG_WARN_SUSPICIOUS_MOVE = YES;
				CLANG_WARN_UNGUARDED_AVAILABILITY = YES_AGGRESSIVE;
				CLANG_WARN_UNREACHABLE_CODE = YES;
				CLANG_WARN__DUPLICATE_METHOD_MATCH = YES;
				COPY_PHASE_STRIP = NO;
				DEBUG_INFORMATION_FORMAT = dwarf;
				ENABLE_STRICT_OBJC_MSGSEND = YES;
				ENABLE_TESTABILITY = YES;
				GCC_C_LANGUAGE_STANDARD = gnu11;
				GCC_DYNAMIC_NO_PIC = NO;
				GCC_NO_COMMON_BLOCKS = YES;
				GCC_OPTIMIZATION_LEVEL = 0;
				GCC_PREPROCESSOR_DEFINITIONS = (
					"DEBUG=1",
					"$(inherited)",
				);
				GCC_WARN_64_TO_32_BIT_CONVERSION = YES;
				GCC_WARN_ABOUT_RETURN_TYPE = YES_ERROR;
				GCC_WARN_UNDECLARED_SELECTOR = YES;
				GCC_WARN_UNINITIALIZED_AUTOS = YES_AGGRESSIVE;
				GCC_WARN_UNUSED_FUNCTION = YES;
				GCC_WARN_UNUSED_VARIABLE = YES;
				MTL_ENABLE_DEBUG_INFO = INCLUDE_SOURCE;
				MTL_FAST_MATH = YES;
				ONLY_ACTIVE_ARCH = YES;
				SWIFT_ACTIVE_COMPILATION_CONDITIONS = DEBUG;
				SWIFT_OPTIMIZATION_LEVEL = "-Onone";
			};
			name = Debug;
		};
		D277FB6F2572C17A00CE3F41 /* Release */ = {
			isa = XCBuildConfiguration;
			buildSettings = {
				ALWAYS_SEARCH_USER_PATHS = NO;
				CLANG_ANALYZER_NONNULL = YES;
				CLANG_ANALYZER_NUMBER_OBJECT_CONVERSION = YES_AGGRESSIVE;
				CLANG_CXX_LANGUAGE_STANDARD = "gnu++14";
				CLANG_CXX_LIBRARY = "libc++";
				CLANG_ENABLE_MODULES = YES;
				CLANG_ENABLE_OBJC_ARC = YES;
				CLANG_ENABLE_OBJC_WEAK = YES;
				CLANG_WARN_BLOCK_CAPTURE_AUTORELEASING = YES;
				CLANG_WARN_BOOL_CONVERSION = YES;
				CLANG_WARN_COMMA = YES;
				CLANG_WARN_CONSTANT_CONVERSION = YES;
				CLANG_WARN_DEPRECATED_OBJC_IMPLEMENTATIONS = YES;
				CLANG_WARN_DIRECT_OBJC_ISA_USAGE = YES_ERROR;
				CLANG_WARN_DOCUMENTATION_COMMENTS = YES;
				CLANG_WARN_EMPTY_BODY = YES;
				CLANG_WARN_ENUM_CONVERSION = YES;
				CLANG_WARN_INFINITE_RECURSION = YES;
				CLANG_WARN_INT_CONVERSION = YES;
				CLANG_WARN_NON_LITERAL_NULL_CONVERSION = YES;
				CLANG_WARN_OBJC_IMPLICIT_RETAIN_SELF = YES;
				CLANG_WARN_OBJC_LITERAL_CONVERSION = YES;
				CLANG_WARN_OBJC_ROOT_CLASS = YES_ERROR;
				CLANG_WARN_QUOTED_INCLUDE_IN_FRAMEWORK_HEADER = YES;
				CLANG_WARN_RANGE_LOOP_ANALYSIS = YES;
				CLANG_WARN_STRICT_PROTOTYPES = YES;
				CLANG_WARN_SUSPICIOUS_MOVE = YES;
				CLANG_WARN_UNGUARDED_AVAILABILITY = YES_AGGRESSIVE;
				CLANG_WARN_UNREACHABLE_CODE = YES;
				CLANG_WARN__DUPLICATE_METHOD_MATCH = YES;
				COPY_PHASE_STRIP = NO;
				DEBUG_INFORMATION_FORMAT = "dwarf-with-dsym";
				ENABLE_NS_ASSERTIONS = NO;
				ENABLE_STRICT_OBJC_MSGSEND = YES;
				GCC_C_LANGUAGE_STANDARD = gnu11;
				GCC_NO_COMMON_BLOCKS = YES;
				GCC_WARN_64_TO_32_BIT_CONVERSION = YES;
				GCC_WARN_ABOUT_RETURN_TYPE = YES_ERROR;
				GCC_WARN_UNDECLARED_SELECTOR = YES;
				GCC_WARN_UNINITIALIZED_AUTOS = YES_AGGRESSIVE;
				GCC_WARN_UNUSED_FUNCTION = YES;
				GCC_WARN_UNUSED_VARIABLE = YES;
				MTL_ENABLE_DEBUG_INFO = NO;
				MTL_FAST_MATH = YES;
				SWIFT_COMPILATION_MODE = wholemodule;
				SWIFT_OPTIMIZATION_LEVEL = "-O";
			};
			name = Release;
		};
		D277FB712572C17A00CE3F41 /* Debug */ = {
			isa = XCBuildConfiguration;
			buildSettings = {
				ASSETCATALOG_COMPILER_APPICON_NAME = AppIcon;
				ASSETCATALOG_COMPILER_GLOBAL_ACCENT_COLOR_NAME = AccentColor;
				CODE_SIGN_STYLE = Automatic;
				DEVELOPMENT_TEAM = WTBNDCHJ5B;
				ENABLE_PREVIEWS = YES;
				INFOPLIST_FILE = iOS/Info.plist;
				IPHONEOS_DEPLOYMENT_TARGET = 14.0;
				LD_RUNPATH_SEARCH_PATHS = (
					"$(inherited)",
					"@executable_path/Frameworks",
				);
				PRODUCT_BUNDLE_IDENTIFIER = com.newnoetic.ritual;
				PRODUCT_NAME = ritual;
				SDKROOT = iphoneos;
				SWIFT_VERSION = 5.0;
				TARGETED_DEVICE_FAMILY = "1,2";
			};
			name = Debug;
		};
		D277FB722572C17A00CE3F41 /* Release */ = {
			isa = XCBuildConfiguration;
			buildSettings = {
				ASSETCATALOG_COMPILER_APPICON_NAME = AppIcon;
				ASSETCATALOG_COMPILER_GLOBAL_ACCENT_COLOR_NAME = AccentColor;
				CODE_SIGN_STYLE = Automatic;
				DEVELOPMENT_TEAM = WTBNDCHJ5B;
				ENABLE_PREVIEWS = YES;
				INFOPLIST_FILE = iOS/Info.plist;
				IPHONEOS_DEPLOYMENT_TARGET = 14.0;
				LD_RUNPATH_SEARCH_PATHS = (
					"$(inherited)",
					"@executable_path/Frameworks",
				);
				PRODUCT_BUNDLE_IDENTIFIER = com.newnoetic.ritual;
				PRODUCT_NAME = ritual;
				SDKROOT = iphoneos;
				SWIFT_VERSION = 5.0;
				TARGETED_DEVICE_FAMILY = "1,2";
				VALIDATE_PRODUCT = YES;
			};
			name = Release;
		};
		D277FB742572C17A00CE3F41 /* Debug */ = {
			isa = XCBuildConfiguration;
			buildSettings = {
				ASSETCATALOG_COMPILER_APPICON_NAME = AppIcon;
				ASSETCATALOG_COMPILER_GLOBAL_ACCENT_COLOR_NAME = AccentColor;
				CODE_SIGN_ENTITLEMENTS = macOS/macOS.entitlements;
				CODE_SIGN_STYLE = Automatic;
				COMBINE_HIDPI_IMAGES = YES;
				DEVELOPMENT_TEAM = WTBNDCHJ5B;
				ENABLE_HARDENED_RUNTIME = YES;
				ENABLE_PREVIEWS = YES;
				INFOPLIST_FILE = macOS/Info.plist;
				LD_RUNPATH_SEARCH_PATHS = (
					"$(inherited)",
					"@executable_path/../Frameworks",
				);
				MACOSX_DEPLOYMENT_TARGET = 11.0;
				PRODUCT_BUNDLE_IDENTIFIER = com.newnoetic.ritual;
				PRODUCT_NAME = ritual;
				SDKROOT = macosx;
				SWIFT_VERSION = 5.0;
			};
			name = Debug;
		};
		D277FB752572C17A00CE3F41 /* Release */ = {
			isa = XCBuildConfiguration;
			buildSettings = {
				ASSETCATALOG_COMPILER_APPICON_NAME = AppIcon;
				ASSETCATALOG_COMPILER_GLOBAL_ACCENT_COLOR_NAME = AccentColor;
				CODE_SIGN_ENTITLEMENTS = macOS/macOS.entitlements;
				CODE_SIGN_STYLE = Automatic;
				COMBINE_HIDPI_IMAGES = YES;
				DEVELOPMENT_TEAM = WTBNDCHJ5B;
				ENABLE_HARDENED_RUNTIME = YES;
				ENABLE_PREVIEWS = YES;
				INFOPLIST_FILE = macOS/Info.plist;
				LD_RUNPATH_SEARCH_PATHS = (
					"$(inherited)",
					"@executable_path/../Frameworks",
				);
				MACOSX_DEPLOYMENT_TARGET = 11.0;
				PRODUCT_BUNDLE_IDENTIFIER = com.newnoetic.ritual;
				PRODUCT_NAME = ritual;
				SDKROOT = macosx;
				SWIFT_VERSION = 5.0;
			};
			name = Release;
		};
/* End XCBuildConfiguration section */

/* Begin XCConfigurationList section */
		D277FB532572C17900CE3F41 /* Build configuration list for PBXProject "ritual" */ = {
			isa = XCConfigurationList;
			buildConfigurations = (
				D277FB6E2572C17A00CE3F41 /* Debug */,
				D277FB6F2572C17A00CE3F41 /* Release */,
			);
			defaultConfigurationIsVisible = 0;
			defaultConfigurationName = Release;
		};
		D277FB702572C17A00CE3F41 /* Build configuration list for PBXNativeTarget "ritual (iOS)" */ = {
			isa = XCConfigurationList;
			buildConfigurations = (
				D277FB712572C17A00CE3F41 /* Debug */,
				D277FB722572C17A00CE3F41 /* Release */,
			);
			defaultConfigurationIsVisible = 0;
			defaultConfigurationName = Release;
		};
		D277FB732572C17A00CE3F41 /* Build configuration list for PBXNativeTarget "ritual (macOS)" */ = {
			isa = XCConfigurationList;
			buildConfigurations = (
				D277FB742572C17A00CE3F41 /* Debug */,
				D277FB752572C17A00CE3F41 /* Release */,
			);
			defaultConfigurationIsVisible = 0;
			defaultConfigurationName = Release;
		};
/* End XCConfigurationList section */
	};
	rootObject = D277FB502572C17900CE3F41 /* Project object */;
}
